
Microsoft Visual Studio Solution File, Format Version 12.00
# Visual Studio Version 16
VisualStudioVersion = 16.0.30223.230
MinimumVisualStudioVersion = 10.0.40219.1
Project("{FAE04EC0-301F-11D3-BF4B-00C04F79EFBC}") = "OcelotExtensions", "OcelotExtensions\OcelotExtensions.csproj", "{71BE98CE-5696-43FA-8D91-E4620673653A}"
EndProject
Global
	GlobalSection(SolutionConfigurationPlatforms) = preSolution
		Debug|Any CPU = Debug|Any CPU
		Release|Any CPU = Release|Any CPU
	EndGlobalSection
	GlobalSection(ProjectConfigurationPlatforms) = postSolution
		{71BE98CE-5696-43FA-8D91-E4620673653A}.Debug|Any CPU.ActiveCfg = Debug|Any CPU
		{71BE98CE-5696-43FA-8D91-E4620673653A}.Debug|Any CPU.Build.0 = Debug|Any CPU
		{71BE98CE-5696-43FA-8D91-E4620673653A}.Release|Any CPU.ActiveCfg = Release|Any CPU
		{71BE98CE-5696-43FA-8D91-E4620673653A}.Release|Any CPU.Build.0 = Release|Any CPU
	EndGlobalSection
	GlobalSection(SolutionProperties) = preSolution
		HideSolutionNode = FALSE
	EndGlobalSection
	GlobalSection(ExtensibilityGlobals) = postSolution
		SolutionGuid = {1411AFB7-0FA6-4CB7-BF73-40AF808358FF}
	EndGlobalSection
EndGlobal
